
Microsoft Visual Studio Solution File, Format Version 12.00
# Visual Studio 14
VisualStudioVersion = 14.0.24720.0
MinimumVisualStudioVersion = 10.0.40219.1
Project("{F184B08F-C81C-45F6-A57F-5ABD9991F28F}") = "P101A_Greeting1", "P101A_Greeting1\P101A_Greeting1.vbproj", "{C172F23C-B2F7-48F0-ABFA-F70D289B608F}"
EndProject
Global
	GlobalSection(SolutionConfigurationPlatforms) = preSolution
		Debug|Any CPU = Debug|Any CPU
		Release|Any CPU = Release|Any CPU
	EndGlobalSection
	GlobalSection(ProjectConfigurationPlatforms) = postSolution
		{C172F23C-B2F7-48F0-ABFA-F70D289B608F}.Debug|Any CPU.ActiveCfg = Debug|Any CPU
		{C172F23C-B2F7-48F0-ABFA-F70D289B608F}.Debug|Any CPU.Build.0 = Debug|Any CPU
		{C172F23C-B2F7-48F0-ABFA-F70D289B608F}.Release|Any CPU.ActiveCfg = Release|Any CPU
		{C172F23C-B2F7-48F0-ABFA-F70D289B608F}.Release|Any CPU.Build.0 = Release|Any CPU
	EndGlobalSection
	GlobalSection(SolutionProperties) = preSolution
		HideSolutionNode = FALSE
	EndGlobalSection
EndGlobal
